{
  "requires": true,
  "lockfileVersion": 1,
  "dependencies": {
    "tmdb-js-wrapper": {
      "version": "1.0.3",
      "resolved": "https://registry.npmjs.org/tmdb-js-wrapper/-/tmdb-js-wrapper-1.0.3.tgz",
      "integrity": "sha512-Q4ZY80MKlqkE5Cdg2Zbq7GxtJwlQgduVs1T9nR5OOkyGDQTizgPamZuAn3byKP4Rusna/wyVnEhP4dAqYi/iVg==",
      "requires": {
        "xmlhttprequest": "^1.8.0"
      }
    },
    "xmlhttprequest": {
      "version": "1.8.0",
      "resolved": "https://registry.npmjs.org/xmlhttprequest/-/xmlhttprequest-1.8.0.tgz",
      "integrity": "sha512-58Im/U0mlVBLM38NdZjHyhuMtCqa61469k2YP/AaPbvCoV9aQGUpbJBj1QRm2ytRiVQBD/fsw7L2bJGDVQswBA=="
    }
  }
}
